// !$*UTF8*$!
{
	archiveVersion = 1;
	classes = {
	};
	objectVersion = 50;
	objects = {

/* Begin PBXBuildFile section */
		3A0675D92519EA39004E3F3E /* MapKit.framework in Frameworks */ = {isa = PBXBuildFile; fileRef = 3A0675D82519EA39004E3F3E /* MapKit.framework */; };
		3A067639251A0C27004E3F3E /* TwitterKitResources.bundle in Resources */ = {isa = PBXBuildFile; fileRef = 3A067638251A0C27004E3F3E /* TwitterKitResources.bundle */; };
		3A1DC17924FCF99C00F8854C /* libresolv.tbd in Frameworks */ = {isa = PBXBuildFile; fileRef = 3A886FC724FCE4CE00B88C8F /* libresolv.tbd */; };
		3A1DC17B24FCF9B200F8854C /* WebKit.framework in Frameworks */ = {isa = PBXBuildFile; fileRef = 3A1DC17A24FCF9B200F8854C /* WebKit.framework */; };
		3A1DC18124FDE93700F8854C /* InputInfoViewController.m in Sources */ = {isa = PBXBuildFile; fileRef = 3A1DC17F24FDE93700F8854C /* InputInfoViewController.m */; };
		3A1DC18224FDE93700F8854C /* InputInfoViewController.xib in Resources */ = {isa = PBXBuildFile; fileRef = 3A1DC18024FDE93700F8854C /* InputInfoViewController.xib */; };
		3A1DC18924FE228000F8854C /* StoreKit.framework in Frameworks */ = {isa = PBXBuildFile; fileRef = 3A1DC18824FE227F00F8854C /* StoreKit.framework */; settings = {ATTRIBUTES = (Weak, ); }; };
		3A4B3ED124FCAAA0000F7AED /* AdSupport.framework in Frameworks */ = {isa = PBXBuildFile; fileRef = 3A4B3ED024FCAAA0000F7AED /* AdSupport.framework */; };
		3A4B3ED324FCAAA5000F7AED /* iAd.framework in Frameworks */ = {isa = PBXBuildFile; fileRef = 3A4B3ED224FCAAA5000F7AED /* iAd.framework */; };
		3A4B3ED524FCAAB2000F7AED /* CoreTelephony.framework in Frameworks */ = {isa = PBXBuildFile; fileRef = 3A4B3ED424FCAAB2000F7AED /* CoreTelephony.framework */; };
		3A4B3ED824FCAB13000F7AED /* CoreGraphics.framework in Frameworks */ = {isa = PBXBuildFile; fileRef = 3A4B3ED724FCAB12000F7AED /* CoreGraphics.framework */; };
		3A4B3EDA24FCAB1B000F7AED /* QuartzCore.framework in Frameworks */ = {isa = PBXBuildFile; fileRef = 3A4B3ED924FCAB1B000F7AED /* QuartzCore.framework */; };
		3A4B3EDC24FCAB23000F7AED /* CoreText.framework in Frameworks */ = {isa = PBXBuildFile; fileRef = 3A4B3EDB24FCAB23000F7AED /* CoreText.framework */; };
		3A4B3EDE24FCAB2C000F7AED /* SystemConfiguration.framework in Frameworks */ = {isa = PBXBuildFile; fileRef = 3A4B3EDD24FCAB2C000F7AED /* SystemConfiguration.framework */; };
		3A4B3EE124FCAB3B000F7AED /* UIKit.framework in Frameworks */ = {isa = PBXBuildFile; fileRef = 3A4B3EE024FCAB3B000F7AED /* UIKit.framework */; };
		3A4B3EE524FCAB89000F7AED /* libz.tbd in Frameworks */ = {isa = PBXBuildFile; fileRef = 3A4B3EE424FCAB89000F7AED /* libz.tbd */; };
		3A4B3EE724FCAB91000F7AED /* Security.framework in Frameworks */ = {isa = PBXBuildFile; fileRef = 3A4B3EE624FCAB91000F7AED /* Security.framework */; };
		3A4B3EE924FCAB9A000F7AED /* QuickLook.framework in Frameworks */ = {isa = PBXBuildFile; fileRef = 3A4B3EE824FCAB9A000F7AED /* QuickLook.framework */; };
		3A4B3EED24FCABAA000F7AED /* MobileCoreServices.framework in Frameworks */ = {isa = PBXBuildFile; fileRef = 3A4B3EEC24FCABAA000F7AED /* MobileCoreServices.framework */; };
		3A4B3EEF24FCABB4000F7AED /* CoreSpotlight.framework in Frameworks */ = {isa = PBXBuildFile; fileRef = 3A4B3EEE24FCABB4000F7AED /* CoreSpotlight.framework */; };
		3A886FC424FCDBFB00B88C8F /* GoogleService-Info.plist in Resources */ = {isa = PBXBuildFile; fileRef = 3A886FC324FCDBFB00B88C8F /* GoogleService-Info.plist */; };
		3A886FC624FCE3A700B88C8F /* CoreMotion.framework in Frameworks */ = {isa = PBXBuildFile; fileRef = 3A886FC524FCE3A700B88C8F /* CoreMotion.framework */; };
		3A886FCA24FCE85C00B88C8F /* SafariServices.framework in Frameworks */ = {isa = PBXBuildFile; fileRef = 3A4B3EF424FCAC15000F7AED /* SafariServices.framework */; };
		3AC9C718260486E700F26BD2 /* YostarSDKResources.bundle in Resources */ = {isa = PBXBuildFile; fileRef = 3AC9C717260486E700F26BD2 /* YostarSDKResources.bundle */; };
		3AC9C723260487B600F26BD2 /* Accelerate.framework in Frameworks */ = {isa = PBXBuildFile; fileRef = 3AC9C722260487B600F26BD2 /* Accelerate.framework */; };
		3ACA439024FCA7C7002F75CF /* AppDelegate.m in Sources */ = {isa = PBXBuildFile; fileRef = 3ACA438F24FCA7C7002F75CF /* AppDelegate.m */; };
		3ACA439624FCA7C7002F75CF /* ViewController.m in Sources */ = {isa = PBXBuildFile; fileRef = 3ACA439524FCA7C7002F75CF /* ViewController.m */; };
		3ACA439924FCA7C7002F75CF /* Main.storyboard in Resources */ = {isa = PBXBuildFile; fileRef = 3ACA439724FCA7C7002F75CF /* Main.storyboard */; };
		3ACA439B24FCA7C8002F75CF /* Assets.xcassets in Resources */ = {isa = PBXBuildFile; fileRef = 3ACA439A24FCA7C8002F75CF /* Assets.xcassets */; };
		3ACA439E24FCA7C8002F75CF /* LaunchScreen.storyboard in Resources */ = {isa = PBXBuildFile; fileRef = 3ACA439C24FCA7C8002F75CF /* LaunchScreen.storyboard */; };
		3ACA43A124FCA7C8002F75CF /* main.m in Sources */ = {isa = PBXBuildFile; fileRef = 3ACA43A024FCA7C8002F75CF /* main.m */; };
		3AD2C7F92506397D000CFA42 /* LogViewController.m in Sources */ = {isa = PBXBuildFile; fileRef = 3AD2C7F72506397D000CFA42 /* LogViewController.m */; };
		3AD2C7FA2506397D000CFA42 /* LogViewController.xib in Resources */ = {isa = PBXBuildFile; fileRef = 3AD2C7F82506397D000CFA42 /* LogViewController.xib */; };
		3AEC36452514AE2100F3D0B7 /* libYostarSDK.a in Frameworks */ = {isa = PBXBuildFile; fileRef = 3AEC36442514AE2100F3D0B7 /* libYostarSDK.a */; };
		A88F29C72A1B17B5008D5FC8 /* AIHelpSupportSDK.bundle in Resources */ = {isa = PBXBuildFile; fileRef = A88F29AF2A1B17B4008D5FC8 /* AIHelpSupportSDK.bundle */; };
		A88F29C82A1B17B5008D5FC8 /* AIHelpSupportSDK.framework in Frameworks */ = {isa = PBXBuildFile; fileRef = A88F29B02A1B17B4008D5FC8 /* AIHelpSupportSDK.framework */; };
		A88F29C92A1B17B5008D5FC8 /* Protobuf.framework in Frameworks */ = {isa = PBXBuildFile; fileRef = A88F29B22A1B17B4008D5FC8 /* Protobuf.framework */; };
		A88F29CA2A1B17B5008D5FC8 /* GoogleDataTransport.framework in Frameworks */ = {isa = PBXBuildFile; fileRef = A88F29B32A1B17B4008D5FC8 /* GoogleDataTransport.framework */; };
		A88F29CB2A1B17B5008D5FC8 /* GoogleAppMeasurement.framework in Frameworks */ = {isa = PBXBuildFile; fileRef = A88F29B42A1B17B4008D5FC8 /* GoogleAppMeasurement.framework */; };
		A88F29CC2A1B17B5008D5FC8 /* FirebaseCore.framework in Frameworks */ = {isa = PBXBuildFile; fileRef = A88F29B52A1B17B4008D5FC8 /* FirebaseCore.framework */; };
		A88F29CD2A1B17B5008D5FC8 /* FirebaseRemoteConfig.framework in Frameworks */ = {isa = PBXBuildFile; fileRef = A88F29B62A1B17B4008D5FC8 /* FirebaseRemoteConfig.framework */; };
		A88F29CE2A1B17B5008D5FC8 /* FirebaseAnalytics.framework in Frameworks */ = {isa = PBXBuildFile; fileRef = A88F29B72A1B17B4008D5FC8 /* FirebaseAnalytics.framework */; };
		A88F29CF2A1B17B5008D5FC8 /* GoogleUtilities.framework in Frameworks */ = {isa = PBXBuildFile; fileRef = A88F29B82A1B17B4008D5FC8 /* GoogleUtilities.framework */; };
		A88F29D02A1B17B5008D5FC8 /* FirebaseMessaging.framework in Frameworks */ = {isa = PBXBuildFile; fileRef = A88F29B92A1B17B4008D5FC8 /* FirebaseMessaging.framework */; };
		A88F29D12A1B17B5008D5FC8 /* PromisesObjC.framework in Frameworks */ = {isa = PBXBuildFile; fileRef = A88F29BA2A1B17B4008D5FC8 /* PromisesObjC.framework */; };
		A88F29D22A1B17B5008D5FC8 /* nanopb.framework in Frameworks */ = {isa = PBXBuildFile; fileRef = A88F29BB2A1B17B4008D5FC8 /* nanopb.framework */; };
		A88F29D32A1B17B5008D5FC8 /* FirebaseInstallations.framework in Frameworks */ = {isa = PBXBuildFile; fileRef = A88F29BC2A1B17B4008D5FC8 /* FirebaseInstallations.framework */; };
		A88F29D42A1B17B5008D5FC8 /* FirebaseABTesting.framework in Frameworks */ = {isa = PBXBuildFile; fileRef = A88F29BD2A1B17B4008D5FC8 /* FirebaseABTesting.framework */; };
		A88F29D52A1B17B5008D5FC8 /* FIRAnalyticsConnector.framework in Frameworks */ = {isa = PBXBuildFile; fileRef = A88F29BE2A1B17B4008D5FC8 /* FIRAnalyticsConnector.framework */; };
		A88F29D62A1B17B5008D5FC8 /* FirebaseInstanceID.framework in Frameworks */ = {isa = PBXBuildFile; fileRef = A88F29BF2A1B17B4008D5FC8 /* FirebaseInstanceID.framework */; };
		A88F29D72A1B17B5008D5FC8 /* FirebaseCoreDiagnostics.framework in Frameworks */ = {isa = PBXBuildFile; fileRef = A88F29C02A1B17B4008D5FC8 /* FirebaseCoreDiagnostics.framework */; };
		A88F29D82A1B17B5008D5FC8 /* FBSDKLoginKit.framework in Frameworks */ = {isa = PBXBuildFile; fileRef = A88F29C22A1B17B5008D5FC8 /* FBSDKLoginKit.framework */; };
		A88F29D92A1B17B5008D5FC8 /* FacebookSDKStrings.bundle in Resources */ = {isa = PBXBuildFile; fileRef = A88F29C32A1B17B5008D5FC8 /* FacebookSDKStrings.bundle */; };
		A88F29DA2A1B17B5008D5FC8 /* FBAEMKit.framework in Frameworks */ = {isa = PBXBuildFile; fileRef = A88F29C42A1B17B5008D5FC8 /* FBAEMKit.framework */; };
		A88F29DB2A1B17B5008D5FC8 /* FBSDKCoreKit.framework in Frameworks */ = {isa = PBXBuildFile; fileRef = A88F29C52A1B17B5008D5FC8 /* FBSDKCoreKit.framework */; };
		A88F29DC2A1B17B5008D5FC8 /* FBSDKCoreKit_Basics.framework in Frameworks */ = {isa = PBXBuildFile; fileRef = A88F29C62A1B17B5008D5FC8 /* FBSDKCoreKit_Basics.framework */; };
		A88F29DE2A1B18A7008D5FC8 /* Empty.swift in Sources */ = {isa = PBXBuildFile; fileRef = A88F29DD2A1B18A7008D5FC8 /* Empty.swift */; };
/* End PBXBuildFile section */

/* Begin PBXFileReference section */
		3A0675D82519EA39004E3F3E /* MapKit.framework */ = {isa = PBXFileReference; lastKnownFileType = wrapper.framework; name = MapKit.framework; path = System/Library/Frameworks/MapKit.framework; sourceTree = SDKROOT; };
		3A067638251A0C27004E3F3E /* TwitterKitResources.bundle */ = {isa = PBXFileReference; lastKnownFileType = "wrapper.plug-in"; path = TwitterKitResources.bundle; sourceTree = "<group>"; };
		3A1DC17824FCF98C00F8854C /* libsqlite3.tbd */ = {isa = PBXFileReference; lastKnownFileType = "sourcecode.text-based-dylib-definition"; name = libsqlite3.tbd; path = usr/lib/libsqlite3.tbd; sourceTree = SDKROOT; };
		3A1DC17A24FCF9B200F8854C /* WebKit.framework */ = {isa = PBXFileReference; lastKnownFileType = wrapper.framework; name = WebKit.framework; path = System/Library/PrivateFrameworks/WebKit.framework; sourceTree = SDKROOT; };
		3A1DC17E24FDE93700F8854C /* InputInfoViewController.h */ = {isa = PBXFileReference; lastKnownFileType = sourcecode.c.h; path = InputInfoViewController.h; sourceTree = "<group>"; };
		3A1DC17F24FDE93700F8854C /* InputInfoViewController.m */ = {isa = PBXFileReference; lastKnownFileType = sourcecode.c.objc; path = InputInfoViewController.m; sourceTree = "<group>"; };
		3A1DC18024FDE93700F8854C /* InputInfoViewController.xib */ = {isa = PBXFileReference; lastKnownFileType = file.xib; path = InputInfoViewController.xib; sourceTree = "<group>"; };
		3A1DC18824FE227F00F8854C /* StoreKit.framework */ = {isa = PBXFileReference; lastKnownFileType = wrapper.framework; name = StoreKit.framework; path = System/Library/Frameworks/StoreKit.framework; sourceTree = SDKROOT; };
		3A1DC18A24FE228A00F8854C /* AppTrackingTransparency.framework */ = {isa = PBXFileReference; lastKnownFileType = wrapper.framework; name = AppTrackingTransparency.framework; path = System/Library/Frameworks/AppTrackingTransparency.framework; sourceTree = SDKROOT; };
		3A4B3ED024FCAAA0000F7AED /* AdSupport.framework */ = {isa = PBXFileReference; lastKnownFileType = wrapper.framework; name = AdSupport.framework; path = System/Library/Frameworks/AdSupport.framework; sourceTree = SDKROOT; };
		3A4B3ED224FCAAA5000F7AED /* iAd.framework */ = {isa = PBXFileReference; lastKnownFileType = wrapper.framework; name = iAd.framework; path = System/Library/Frameworks/iAd.framework; sourceTree = SDKROOT; };
		3A4B3ED424FCAAB2000F7AED /* CoreTelephony.framework */ = {isa = PBXFileReference; lastKnownFileType = wrapper.framework; name = CoreTelephony.framework; path = System/Library/Frameworks/CoreTelephony.framework; sourceTree = SDKROOT; };
		3A4B3ED624FCAAE8000F7AED /* SDK_Native.entitlements */ = {isa = PBXFileReference; lastKnownFileType = text.plist.entitlements; path = SDK_Native.entitlements; sourceTree = "<group>"; };
		3A4B3ED724FCAB12000F7AED /* CoreGraphics.framework */ = {isa = PBXFileReference; lastKnownFileType = wrapper.framework; name = CoreGraphics.framework; path = System/Library/Frameworks/CoreGraphics.framework; sourceTree = SDKROOT; };
		3A4B3ED924FCAB1B000F7AED /* QuartzCore.framework */ = {isa = PBXFileReference; lastKnownFileType = wrapper.framework; name = QuartzCore.framework; path = System/Library/Frameworks/QuartzCore.framework; sourceTree = SDKROOT; };
		3A4B3EDB24FCAB23000F7AED /* CoreText.framework */ = {isa = PBXFileReference; lastKnownFileType = wrapper.framework; name = CoreText.framework; path = System/Library/Frameworks/CoreText.framework; sourceTree = SDKROOT; };
		3A4B3EDD24FCAB2C000F7AED /* SystemConfiguration.framework */ = {isa = PBXFileReference; lastKnownFileType = wrapper.framework; name = SystemConfiguration.framework; path = System/Library/Frameworks/SystemConfiguration.framework; sourceTree = SDKROOT; };
		3A4B3EE024FCAB3B000F7AED /* UIKit.framework */ = {isa = PBXFileReference; lastKnownFileType = wrapper.framework; name = UIKit.framework; path = System/Library/Frameworks/UIKit.framework; sourceTree = SDKROOT; };
		3A4B3EE324FCAB50000F7AED /* libicucore.tbd */ = {isa = PBXFileReference; lastKnownFileType = "sourcecode.text-based-dylib-definition"; name = libicucore.tbd; path = usr/lib/libicucore.tbd; sourceTree = SDKROOT; };
		3A4B3EE424FCAB89000F7AED /* libz.tbd */ = {isa = PBXFileReference; lastKnownFileType = "sourcecode.text-based-dylib-definition"; name = libz.tbd; path = usr/lib/libz.tbd; sourceTree = SDKROOT; };
		3A4B3EE624FCAB91000F7AED /* Security.framework */ = {isa = PBXFileReference; lastKnownFileType = wrapper.framework; name = Security.framework; path = System/Library/Frameworks/Security.framework; sourceTree = SDKROOT; };
		3A4B3EE824FCAB9A000F7AED /* QuickLook.framework */ = {isa = PBXFileReference; lastKnownFileType = wrapper.framework; name = QuickLook.framework; path = System/Library/Frameworks/QuickLook.framework; sourceTree = SDKROOT; };
		3A4B3EEA24FCABA2000F7AED /* CoreLocation.framework */ = {isa = PBXFileReference; lastKnownFileType = wrapper.framework; name = CoreLocation.framework; path = System/Library/Frameworks/CoreLocation.framework; sourceTree = SDKROOT; };
		3A4B3EEC24FCABAA000F7AED /* MobileCoreServices.framework */ = {isa = PBXFileReference; lastKnownFileType = wrapper.framework; name = MobileCoreServices.framework; path = System/Library/Frameworks/MobileCoreServices.framework; sourceTree = SDKROOT; };
		3A4B3EEE24FCABB4000F7AED /* CoreSpotlight.framework */ = {isa = PBXFileReference; lastKnownFileType = wrapper.framework; name = CoreSpotlight.framework; path = System/Library/Frameworks/CoreSpotlight.framework; sourceTree = SDKROOT; };
		3A4B3EF024FCABBE000F7AED /* WebKit.framework */ = {isa = PBXFileReference; lastKnownFileType = wrapper.framework; name = WebKit.framework; path = System/Library/Frameworks/WebKit.framework; sourceTree = SDKROOT; };
		3A4B3EF224FCABC7000F7AED /* Photos.framework */ = {isa = PBXFileReference; lastKnownFileType = wrapper.framework; name = Photos.framework; path = System/Library/Frameworks/Photos.framework; sourceTree = SDKROOT; };
		3A4B3EF424FCAC15000F7AED /* SafariServices.framework */ = {isa = PBXFileReference; lastKnownFileType = wrapper.framework; name = SafariServices.framework; path = System/Library/Frameworks/SafariServices.framework; sourceTree = SDKROOT; };
		3A4B3F8024FCC21F000F7AED /* Firebase.h */ = {isa = PBXFileReference; fileEncoding = 4; lastKnownFileType = sourcecode.c.h; path = Firebase.h; sourceTree = "<group>"; };
		3A4B3F8224FCC21F000F7AED /* GoogleService-Info.plist */ = {isa = PBXFileReference; fileEncoding = 4; lastKnownFileType = text.plist.xml; path = "GoogleService-Info.plist"; sourceTree = "<group>"; };
		3A886FC324FCDBFB00B88C8F /* GoogleService-Info.plist */ = {isa = PBXFileReference; fileEncoding = 4; lastKnownFileType = text.plist.xml; path = "GoogleService-Info.plist"; sourceTree = "<group>"; };
		3A886FC524FCE3A700B88C8F /* CoreMotion.framework */ = {isa = PBXFileReference; lastKnownFileType = wrapper.framework; name = CoreMotion.framework; path = System/Library/Frameworks/CoreMotion.framework; sourceTree = SDKROOT; };
		3A886FC724FCE4CE00B88C8F /* libresolv.tbd */ = {isa = PBXFileReference; lastKnownFileType = "sourcecode.text-based-dylib-definition"; name = libresolv.tbd; path = usr/lib/libresolv.tbd; sourceTree = SDKROOT; };
		3AC9C717260486E700F26BD2 /* YostarSDKResources.bundle */ = {isa = PBXFileReference; lastKnownFileType = "wrapper.plug-in"; path = YostarSDKResources.bundle; sourceTree = "<group>"; };
		3AC9C722260487B600F26BD2 /* Accelerate.framework */ = {isa = PBXFileReference; lastKnownFileType = wrapper.framework; name = Accelerate.framework; path = System/Library/Frameworks/Accelerate.framework; sourceTree = SDKROOT; };
		3ACA438B24FCA7C7002F75CF /* SDK_Native.app */ = {isa = PBXFileReference; explicitFileType = wrapper.application; includeInIndex = 0; path = SDK_Native.app; sourceTree = BUILT_PRODUCTS_DIR; };
		3ACA438E24FCA7C7002F75CF /* AppDelegate.h */ = {isa = PBXFileReference; lastKnownFileType = sourcecode.c.h; path = AppDelegate.h; sourceTree = "<group>"; };
		3ACA438F24FCA7C7002F75CF /* AppDelegate.m */ = {isa = PBXFileReference; lastKnownFileType = sourcecode.c.objc; path = AppDelegate.m; sourceTree = "<group>"; };
		3ACA439424FCA7C7002F75CF /* ViewController.h */ = {isa = PBXFileReference; lastKnownFileType = sourcecode.c.h; path = ViewController.h; sourceTree = "<group>"; };
		3ACA439524FCA7C7002F75CF /* ViewController.m */ = {isa = PBXFileReference; lastKnownFileType = sourcecode.c.objc; path = ViewController.m; sourceTree = "<group>"; };
		3ACA439824FCA7C7002F75CF /* Base */ = {isa = PBXFileReference; lastKnownFileType = file.storyboard; name = Base; path = Base.lproj/Main.storyboard; sourceTree = "<group>"; };
		3ACA439A24FCA7C8002F75CF /* Assets.xcassets */ = {isa = PBXFileReference; lastKnownFileType = folder.assetcatalog; path = Assets.xcassets; sourceTree = "<group>"; };
		3ACA439D24FCA7C8002F75CF /* Base */ = {isa = PBXFileReference; lastKnownFileType = file.storyboard; name = Base; path = Base.lproj/LaunchScreen.storyboard; sourceTree = "<group>"; };
		3ACA439F24FCA7C8002F75CF /* Info.plist */ = {isa = PBXFileReference; lastKnownFileType = text.plist.xml; path = Info.plist; sourceTree = "<group>"; };
		3ACA43A024FCA7C8002F75CF /* main.m */ = {isa = PBXFileReference; lastKnownFileType = sourcecode.c.objc; path = main.m; sourceTree = "<group>"; };
		3AD2C7F42505D94C000CFA42 /* README.md */ = {isa = PBXFileReference; lastKnownFileType = net.daringfireball.markdown; path = README.md; sourceTree = "<group>"; };
		3AD2C7F62506397D000CFA42 /* LogViewController.h */ = {isa = PBXFileReference; lastKnownFileType = sourcecode.c.h; path = LogViewController.h; sourceTree = "<group>"; };
		3AD2C7F72506397D000CFA42 /* LogViewController.m */ = {isa = PBXFileReference; lastKnownFileType = sourcecode.c.objc; path = LogViewController.m; sourceTree = "<group>"; };
		3AD2C7F82506397D000CFA42 /* LogViewController.xib */ = {isa = PBXFileReference; lastKnownFileType = file.xib; path = LogViewController.xib; sourceTree = "<group>"; };
		3AEC36442514AE2100F3D0B7 /* libYostarSDK.a */ = {isa = PBXFileReference; lastKnownFileType = archive.ar; path = libYostarSDK.a; sourceTree = "<group>"; };
		3AEC36472514AEA500F3D0B7 /* YostarSDK.h */ = {isa = PBXFileReference; fileEncoding = 4; lastKnownFileType = sourcecode.c.h; path = YostarSDK.h; sourceTree = "<group>"; };
		3AEC36492514AEA500F3D0B7 /* YostarAppDelegate.h */ = {isa = PBXFileReference; fileEncoding = 4; lastKnownFileType = sourcecode.c.h; path = YostarAppDelegate.h; sourceTree = "<group>"; };
		A88F29AF2A1B17B4008D5FC8 /* AIHelpSupportSDK.bundle */ = {isa = PBXFileReference; lastKnownFileType = "wrapper.plug-in"; path = AIHelpSupportSDK.bundle; sourceTree = "<group>"; };
		A88F29B02A1B17B4008D5FC8 /* AIHelpSupportSDK.framework */ = {isa = PBXFileReference; lastKnownFileType = wrapper.framework; path = AIHelpSupportSDK.framework; sourceTree = "<group>"; };
		A88F29B22A1B17B4008D5FC8 /* Protobuf.framework */ = {isa = PBXFileReference; lastKnownFileType = wrapper.framework; path = Protobuf.framework; sourceTree = "<group>"; };
		A88F29B32A1B17B4008D5FC8 /* GoogleDataTransport.framework */ = {isa = PBXFileReference; lastKnownFileType = wrapper.framework; path = GoogleDataTransport.framework; sourceTree = "<group>"; };
		A88F29B42A1B17B4008D5FC8 /* GoogleAppMeasurement.framework */ = {isa = PBXFileReference; lastKnownFileType = wrapper.framework; path = GoogleAppMeasurement.framework; sourceTree = "<group>"; };
		A88F29B52A1B17B4008D5FC8 /* FirebaseCore.framework */ = {isa = PBXFileReference; lastKnownFileType = wrapper.framework; path = FirebaseCore.framework; sourceTree = "<group>"; };
		A88F29B62A1B17B4008D5FC8 /* FirebaseRemoteConfig.framework */ = {isa = PBXFileReference; lastKnownFileType = wrapper.framework; path = FirebaseRemoteConfig.framework; sourceTree = "<group>"; };
		A88F29B72A1B17B4008D5FC8 /* FirebaseAnalytics.framework */ = {isa = PBXFileReference; lastKnownFileType = wrapper.framework; path = FirebaseAnalytics.framework; sourceTree = "<group>"; };
		A88F29B82A1B17B4008D5FC8 /* GoogleUtilities.framework */ = {isa = PBXFileReference; lastKnownFileType = wrapper.framework; path = GoogleUtilities.framework; sourceTree = "<group>"; };
		A88F29B92A1B17B4008D5FC8 /* FirebaseMessaging.framework */ = {isa = PBXFileReference; lastKnownFileType = wrapper.framework; path = FirebaseMessaging.framework; sourceTree = "<group>"; };
		A88F29BA2A1B17B4008D5FC8 /* PromisesObjC.framework */ = {isa = PBXFileReference; lastKnownFileType = wrapper.framework; path = PromisesObjC.framework; sourceTree = "<group>"; };
		A88F29BB2A1B17B4008D5FC8 /* nanopb.framework */ = {isa = PBXFileReference; lastKnownFileType = wrapper.framework; path = nanopb.framework; sourceTree = "<group>"; };
		A88F29BC2A1B17B4008D5FC8 /* FirebaseInstallations.framework */ = {isa = PBXFileReference; lastKnownFileType = wrapper.framework; path = FirebaseInstallations.framework; sourceTree = "<group>"; };
		A88F29BD2A1B17B4008D5FC8 /* FirebaseABTesting.framework */ = {isa = PBXFileReference; lastKnownFileType = wrapper.framework; path = FirebaseABTesting.framework; sourceTree = "<group>"; };
		A88F29BE2A1B17B4008D5FC8 /* FIRAnalyticsConnector.framework */ = {isa = PBXFileReference; lastKnownFileType = wrapper.framework; path = FIRAnalyticsConnector.framework; sourceTree = "<group>"; };
		A88F29BF2A1B17B4008D5FC8 /* FirebaseInstanceID.framework */ = {isa = PBXFileReference; lastKnownFileType = wrapper.framework; path = FirebaseInstanceID.framework; sourceTree = "<group>"; };
		A88F29C02A1B17B4008D5FC8 /* FirebaseCoreDiagnostics.framework */ = {isa = PBXFileReference; lastKnownFileType = wrapper.framework; path = FirebaseCoreDiagnostics.framework; sourceTree = "<group>"; };
		A88F29C22A1B17B5008D5FC8 /* FBSDKLoginKit.framework */ = {isa = PBXFileReference; lastKnownFileType = wrapper.framework; path = FBSDKLoginKit.framework; sourceTree = "<group>"; };
		A88F29C32A1B17B5008D5FC8 /* FacebookSDKStrings.bundle */ = {isa = PBXFileReference; lastKnownFileType = "wrapper.plug-in"; path = FacebookSDKStrings.bundle; sourceTree = "<group>"; };
		A88F29C42A1B17B5008D5FC8 /* FBAEMKit.framework */ = {isa = PBXFileReference; lastKnownFileType = wrapper.framework; path = FBAEMKit.framework; sourceTree = "<group>"; };
		A88F29C52A1B17B5008D5FC8 /* FBSDKCoreKit.framework */ = {isa = PBXFileReference; lastKnownFileType = wrapper.framework; path = FBSDKCoreKit.framework; sourceTree = "<group>"; };
		A88F29C62A1B17B5008D5FC8 /* FBSDKCoreKit_Basics.framework */ = {isa = PBXFileReference; lastKnownFileType = wrapper.framework; path = FBSDKCoreKit_Basics.framework; sourceTree = "<group>"; };
		A88F29DD2A1B18A7008D5FC8 /* Empty.swift */ = {isa = PBXFileReference; lastKnownFileType = sourcecode.swift; path = Empty.swift; sourceTree = "<group>"; };
		A88F29DF2A1B18EE008D5FC8 /* SDK_Native-Bridging-Header.h */ = {isa = PBXFileReference; lastKnownFileType = sourcecode.c.h; path = "SDK_Native-Bridging-Header.h"; sourceTree = "<group>"; };
/* End PBXFileReference section */

/* Begin PBXFrameworksBuildPhase section */
		3ACA438824FCA7C7002F75CF /* Frameworks */ = {
			isa = PBXFrameworksBuildPhase;
			buildActionMask = 2147483647;
			files = (
				3A1DC18924FE228000F8854C /* StoreKit.framework in Frameworks */,
				A88F29CF2A1B17B5008D5FC8 /* GoogleUtilities.framework in Frameworks */,
				3A4B3ED524FCAAB2000F7AED /* CoreTelephony.framework in Frameworks */,
				3A4B3ED124FCAAA0000F7AED /* AdSupport.framework in Frameworks */,
				A88F29D72A1B17B5008D5FC8 /* FirebaseCoreDiagnostics.framework in Frameworks */,
				A88F29DB2A1B17B5008D5FC8 /* FBSDKCoreKit.framework in Frameworks */,
				A88F29DC2A1B17B5008D5FC8 /* FBSDKCoreKit_Basics.framework in Frameworks */,
				3A0675D92519EA39004E3F3E /* MapKit.framework in Frameworks */,
				A88F29CE2A1B17B5008D5FC8 /* FirebaseAnalytics.framework in Frameworks */,
				A88F29D02A1B17B5008D5FC8 /* FirebaseMessaging.framework in Frameworks */,
				3A1DC17B24FCF9B200F8854C /* WebKit.framework in Frameworks */,
				A88F29D12A1B17B5008D5FC8 /* PromisesObjC.framework in Frameworks */,
				3A4B3EEF24FCABB4000F7AED /* CoreSpotlight.framework in Frameworks */,
				A88F29DA2A1B17B5008D5FC8 /* FBAEMKit.framework in Frameworks */,
				A88F29D22A1B17B5008D5FC8 /* nanopb.framework in Frameworks */,
				3A4B3EED24FCABAA000F7AED /* MobileCoreServices.framework in Frameworks */,
				3A4B3EE924FCAB9A000F7AED /* QuickLook.framework in Frameworks */,
				3A4B3EE724FCAB91000F7AED /* Security.framework in Frameworks */,
				3AC9C723260487B600F26BD2 /* Accelerate.framework in Frameworks */,
				A88F29C82A1B17B5008D5FC8 /* AIHelpSupportSDK.framework in Frameworks */,
				3A4B3EE524FCAB89000F7AED /* libz.tbd in Frameworks */,
				A88F29D32A1B17B5008D5FC8 /* FirebaseInstallations.framework in Frameworks */,
				A88F29D52A1B17B5008D5FC8 /* FIRAnalyticsConnector.framework in Frameworks */,
				3AEC36452514AE2100F3D0B7 /* libYostarSDK.a in Frameworks */,
				3A4B3EDA24FCAB1B000F7AED /* QuartzCore.framework in Frameworks */,
				A88F29CC2A1B17B5008D5FC8 /* FirebaseCore.framework in Frameworks */,
				3A4B3EE124FCAB3B000F7AED /* UIKit.framework in Frameworks */,
				3A886FC624FCE3A700B88C8F /* CoreMotion.framework in Frameworks */,
				A88F29D42A1B17B5008D5FC8 /* FirebaseABTesting.framework in Frameworks */,
				3A4B3EDE24FCAB2C000F7AED /* SystemConfiguration.framework in Frameworks */,
				A88F29CB2A1B17B5008D5FC8 /* GoogleAppMeasurement.framework in Frameworks */,
				3A1DC17924FCF99C00F8854C /* libresolv.tbd in Frameworks */,
				3A886FCA24FCE85C00B88C8F /* SafariServices.framework in Frameworks */,
				3A4B3ED824FCAB13000F7AED /* CoreGraphics.framework in Frameworks */,
				A88F29C92A1B17B5008D5FC8 /* Protobuf.framework in Frameworks */,
				A88F29D82A1B17B5008D5FC8 /* FBSDKLoginKit.framework in Frameworks */,
				A88F29D62A1B17B5008D5FC8 /* FirebaseInstanceID.framework in Frameworks */,
				A88F29CA2A1B17B5008D5FC8 /* GoogleDataTransport.framework in Frameworks */,
				A88F29CD2A1B17B5008D5FC8 /* FirebaseRemoteConfig.framework in Frameworks */,
				3A4B3EDC24FCAB23000F7AED /* CoreText.framework in Frameworks */,
				3A4B3ED324FCAAA5000F7AED /* iAd.framework in Frameworks */,
			);
			runOnlyForDeploymentPostprocessing = 0;
		};
/* End PBXFrameworksBuildPhase section */

/* Begin PBXGroup section */
		3A4B3ECF24FCAA9F000F7AED /* Frameworks */ = {
			isa = PBXGroup;
			children = (
				3AC9C722260487B600F26BD2 /* Accelerate.framework */,
				3A0675D82519EA39004E3F3E /* MapKit.framework */,
				3A1DC18A24FE228A00F8854C /* AppTrackingTransparency.framework */,
				3A1DC18824FE227F00F8854C /* StoreKit.framework */,
				3A1DC17A24FCF9B200F8854C /* WebKit.framework */,
				3A1DC17824FCF98C00F8854C /* libsqlite3.tbd */,
				3A886FC724FCE4CE00B88C8F /* libresolv.tbd */,
				3A886FC524FCE3A700B88C8F /* CoreMotion.framework */,
				3A4B3EF424FCAC15000F7AED /* SafariServices.framework */,
				3A4B3EF224FCABC7000F7AED /* Photos.framework */,
				3A4B3EF024FCABBE000F7AED /* WebKit.framework */,
				3A4B3EEE24FCABB4000F7AED /* CoreSpotlight.framework */,
				3A4B3EEC24FCABAA000F7AED /* MobileCoreServices.framework */,
				3A4B3EEA24FCABA2000F7AED /* CoreLocation.framework */,
				3A4B3EE824FCAB9A000F7AED /* QuickLook.framework */,
				3A4B3EE624FCAB91000F7AED /* Security.framework */,
				3A4B3EE424FCAB89000F7AED /* libz.tbd */,
				3A4B3EE324FCAB50000F7AED /* libicucore.tbd */,
				3A4B3EE024FCAB3B000F7AED /* UIKit.framework */,
				3A4B3EDD24FCAB2C000F7AED /* SystemConfiguration.framework */,
				3A4B3EDB24FCAB23000F7AED /* CoreText.framework */,
				3A4B3ED924FCAB1B000F7AED /* QuartzCore.framework */,
				3A4B3ED724FCAB12000F7AED /* CoreGraphics.framework */,
				3A4B3ED424FCAAB2000F7AED /* CoreTelephony.framework */,
				3A4B3ED224FCAAA5000F7AED /* iAd.framework */,
				3A4B3ED024FCAAA0000F7AED /* AdSupport.framework */,
			);
			name = Frameworks;
			sourceTree = "<group>";
		};
		3A4B3EF624FCC21F000F7AED /* YostarSDK */ = {
			isa = PBXGroup;
			children = (
				3AEC36492514AEA500F3D0B7 /* YostarAppDelegate.h */,
				3AEC36472514AEA500F3D0B7 /* YostarSDK.h */,
				3AEC36442514AE2100F3D0B7 /* libYostarSDK.a */,
				3A4B3F7C24FCC21F000F7AED /* ThirdPath */,
			);
			path = YostarSDK;
			sourceTree = SOURCE_ROOT;
		};
		3A4B3F7C24FCC21F000F7AED /* ThirdPath */ = {
			isa = PBXGroup;
			children = (
				A88F29AE2A1B17B4008D5FC8 /* AIHELP */,
				A88F29B12A1B17B4008D5FC8 /* Analytics */,
				A88F29C12A1B17B5008D5FC8 /* Facebook */,
				3AC9C717260486E700F26BD2 /* YostarSDKResources.bundle */,
				3A067638251A0C27004E3F3E /* TwitterKitResources.bundle */,
				3A4B3F8024FCC21F000F7AED /* Firebase.h */,
				3A4B3F8224FCC21F000F7AED /* GoogleService-Info.plist */,
			);
			path = ThirdPath;
			sourceTree = "<group>";
		};
		3ACA438224FCA7C7002F75CF = {
			isa = PBXGroup;
			children = (
				3ACA438D24FCA7C7002F75CF /* SDK_Native */,
				3ACA438C24FCA7C7002F75CF /* Products */,
				3A4B3ECF24FCAA9F000F7AED /* Frameworks */,
			);
			sourceTree = "<group>";
		};
		3ACA438C24FCA7C7002F75CF /* Products */ = {
			isa = PBXGroup;
			children = (
				3ACA438B24FCA7C7002F75CF /* SDK_Native.app */,
			);
			name = Products;
			sourceTree = "<group>";
		};
		3ACA438D24FCA7C7002F75CF /* SDK_Native */ = {
			isa = PBXGroup;
			children = (
				A88F29DF2A1B18EE008D5FC8 /* SDK_Native-Bridging-Header.h */,
				3A886FC324FCDBFB00B88C8F /* GoogleService-Info.plist */,
				3A4B3EF624FCC21F000F7AED /* YostarSDK */,
				3A4B3ED624FCAAE8000F7AED /* SDK_Native.entitlements */,
				3ACA438E24FCA7C7002F75CF /* AppDelegate.h */,
				3ACA438F24FCA7C7002F75CF /* AppDelegate.m */,
				3ACA439424FCA7C7002F75CF /* ViewController.h */,
				3ACA439524FCA7C7002F75CF /* ViewController.m */,
				3ACA439724FCA7C7002F75CF /* Main.storyboard */,
				3ACA439A24FCA7C8002F75CF /* Assets.xcassets */,
				3ACA439C24FCA7C8002F75CF /* LaunchScreen.storyboard */,
				3ACA439F24FCA7C8002F75CF /* Info.plist */,
				3ACA43A024FCA7C8002F75CF /* main.m */,
				3A1DC17E24FDE93700F8854C /* InputInfoViewController.h */,
				3A1DC17F24FDE93700F8854C /* InputInfoViewController.m */,
				3A1DC18024FDE93700F8854C /* InputInfoViewController.xib */,
				3AD2C7F42505D94C000CFA42 /* README.md */,
				3AD2C7F62506397D000CFA42 /* LogViewController.h */,
				3AD2C7F72506397D000CFA42 /* LogViewController.m */,
				3AD2C7F82506397D000CFA42 /* LogViewController.xib */,
				A88F29DD2A1B18A7008D5FC8 /* Empty.swift */,
			);
			path = SDK_Native;
			sourceTree = "<group>";
		};
		A88F29AE2A1B17B4008D5FC8 /* AIHELP */ = {
			isa = PBXGroup;
			children = (
				A88F29AF2A1B17B4008D5FC8 /* AIHelpSupportSDK.bundle */,
				A88F29B02A1B17B4008D5FC8 /* AIHelpSupportSDK.framework */,
			);
			path = AIHELP;
			sourceTree = "<group>";
		};
		A88F29B12A1B17B4008D5FC8 /* Analytics */ = {
			isa = PBXGroup;
			children = (
				A88F29B22A1B17B4008D5FC8 /* Protobuf.framework */,
				A88F29B32A1B17B4008D5FC8 /* GoogleDataTransport.framework */,
				A88F29B42A1B17B4008D5FC8 /* GoogleAppMeasurement.framework */,
				A88F29B52A1B17B4008D5FC8 /* FirebaseCore.framework */,
				A88F29B62A1B17B4008D5FC8 /* FirebaseRemoteConfig.framework */,
				A88F29B72A1B17B4008D5FC8 /* FirebaseAnalytics.framework */,
				A88F29B82A1B17B4008D5FC8 /* GoogleUtilities.framework */,
				A88F29B92A1B17B4008D5FC8 /* FirebaseMessaging.framework */,
				A88F29BA2A1B17B4008D5FC8 /* PromisesObjC.framework */,
				A88F29BB2A1B17B4008D5FC8 /* nanopb.framework */,
				A88F29BC2A1B17B4008D5FC8 /* FirebaseInstallations.framework */,
				A88F29BD2A1B17B4008D5FC8 /* FirebaseABTesting.framework */,
				A88F29BE2A1B17B4008D5FC8 /* FIRAnalyticsConnector.framework */,
				A88F29BF2A1B17B4008D5FC8 /* FirebaseInstanceID.framework */,
				A88F29C02A1B17B4008D5FC8 /* FirebaseCoreDiagnostics.framework */,
			);
			path = Analytics;
			sourceTree = "<group>";
		};
		A88F29C12A1B17B5008D5FC8 /* Facebook */ = {
			isa = PBXGroup;
			children = (
				A88F29C22A1B17B5008D5FC8 /* FBSDKLoginKit.framework */,
				A88F29C32A1B17B5008D5FC8 /* FacebookSDKStrings.bundle */,
				A88F29C42A1B17B5008D5FC8 /* FBAEMKit.framework */,
				A88F29C52A1B17B5008D5FC8 /* FBSDKCoreKit.framework */,
				A88F29C62A1B17B5008D5FC8 /* FBSDKCoreKit_Basics.framework */,
			);
			path = Facebook;
			sourceTree = "<group>";
		};
/* End PBXGroup section */

/* Begin PBXNativeTarget section */
		3ACA438A24FCA7C7002F75CF /* SDK_Native */ = {
			isa = PBXNativeTarget;
			buildConfigurationList = 3ACA43A424FCA7C8002F75CF /* Build configuration list for PBXNativeTarget "SDK_Native" */;
			buildPhases = (
				3ACA438724FCA7C7002F75CF /* Sources */,
				3ACA438824FCA7C7002F75CF /* Frameworks */,
				3ACA438924FCA7C7002F75CF /* Resources */,
			);
			buildRules = (
			);
			dependencies = (
			);
			name = SDK_Native;
			productName = SDK_Native;
			productReference = 3ACA438B24FCA7C7002F75CF /* SDK_Native.app */;
			productType = "com.apple.product-type.application";
		};
/* End PBXNativeTarget section */

/* Begin PBXProject section */
		3ACA438324FCA7C7002F75CF /* Project object */ = {
			isa = PBXProject;
			attributes = {
				LastUpgradeCheck = 1240;
				TargetAttributes = {
					3ACA438A24FCA7C7002F75CF = {
						CreatedOnToolsVersion = 12.0;
						LastSwiftMigration = 1200;
					};
				};
			};
			buildConfigurationList = 3ACA438624FCA7C7002F75CF /* Build configuration list for PBXProject "SDK_Native" */;
			compatibilityVersion = "Xcode 9.3";
			developmentRegion = en;
			hasScannedForEncodings = 0;
			knownRegions = (
				en,
				Base,
			);
			mainGroup = 3ACA438224FCA7C7002F75CF;
			productRefGroup = 3ACA438C24FCA7C7002F75CF /* Products */;
			projectDirPath = "";
			projectRoot = "";
			targets = (
				3ACA438A24FCA7C7002F75CF /* SDK_Native */,
			);
		};
/* End PBXProject section */

/* Begin PBXResourcesBuildPhase section */
		3ACA438924FCA7C7002F75CF /* Resources */ = {
			isa = PBXResourcesBuildPhase;
			buildActionMask = 2147483647;
			files = (
				3A886FC424FCDBFB00B88C8F /* GoogleService-Info.plist in Resources */,
				A88F29D92A1B17B5008D5FC8 /* FacebookSDKStrings.bundle in Resources */,
				3AD2C7FA2506397D000CFA42 /* LogViewController.xib in Resources */,
				3ACA439E24FCA7C8002F75CF /* LaunchScreen.storyboard in Resources */,
				3ACA439B24FCA7C8002F75CF /* Assets.xcassets in Resources */,
				3A1DC18224FDE93700F8854C /* InputInfoViewController.xib in Resources */,
				3ACA439924FCA7C7002F75CF /* Main.storyboard in Resources */,
				A88F29C72A1B17B5008D5FC8 /* AIHelpSupportSDK.bundle in Resources */,
				3AC9C718260486E700F26BD2 /* YostarSDKResources.bundle in Resources */,
				3A067639251A0C27004E3F3E /* TwitterKitResources.bundle in Resources */,
			);
			runOnlyForDeploymentPostprocessing = 0;
		};
/* End PBXResourcesBuildPhase section */

/* Begin PBXSourcesBuildPhase section */
		3ACA438724FCA7C7002F75CF /* Sources */ = {
			isa = PBXSourcesBuildPhase;
			buildActionMask = 2147483647;
			files = (
				3A1DC18124FDE93700F8854C /* InputInfoViewController.m in Sources */,
				3AD2C7F92506397D000CFA42 /* LogViewController.m in Sources */,
				3ACA439624FCA7C7002F75CF /* ViewController.m in Sources */,
				3ACA439024FCA7C7002F75CF /* AppDelegate.m in Sources */,
				3ACA43A124FCA7C8002F75CF /* main.m in Sources */,
				A88F29DE2A1B18A7008D5FC8 /* Empty.swift in Sources */,
			);
			runOnlyForDeploymentPostprocessing = 0;
		};
/* End PBXSourcesBuildPhase section */

/* Begin PBXVariantGroup section */
		3ACA439724FCA7C7002F75CF /* Main.storyboard */ = {
			isa = PBXVariantGroup;
			children = (
				3ACA439824FCA7C7002F75CF /* Base */,
			);
			name = Main.storyboard;
			sourceTree = "<group>";
		};
		3ACA439C24FCA7C8002F75CF /* LaunchScreen.storyboard */ = {
			isa = PBXVariantGroup;
			children = (
				3ACA439D24FCA7C8002F75CF /* Base */,
			);
			name = LaunchScreen.storyboard;
			sourceTree = "<group>";
		};
/* End PBXVariantGroup section */

/* Begin XCBuildConfiguration section */
		3ACA43A224FCA7C8002F75CF /* Debug */ = {
			isa = XCBuildConfiguration;
			buildSettings = {
				ALWAYS_SEARCH_USER_PATHS = NO;
				CLANG_ANALYZER_NONNULL = YES;
				CLANG_ANALYZER_NUMBER_OBJECT_CONVERSION = YES_AGGRESSIVE;
				CLANG_CXX_LANGUAGE_STANDARD = "gnu++14";
				CLANG_CXX_LIBRARY = "libc++";
				CLANG_ENABLE_MODULES = YES;
				CLANG_ENABLE_OBJC_ARC = YES;
				CLANG_ENABLE_OBJC_WEAK = YES;
				CLANG_WARN_BLOCK_CAPTURE_AUTORELEASING = YES;
				CLANG_WARN_BOOL_CONVERSION = YES;
				CLANG_WARN_COMMA = YES;
				CLANG_WARN_CONSTANT_CONVERSION = YES;
				CLANG_WARN_DEPRECATED_OBJC_IMPLEMENTATIONS = YES;
				CLANG_WARN_DIRECT_OBJC_ISA_USAGE = YES_ERROR;
				CLANG_WARN_DOCUMENTATION_COMMENTS = YES;
				CLANG_WARN_EMPTY_BODY = YES;
				CLANG_WARN_ENUM_CONVERSION = YES;
				CLANG_WARN_INFINITE_RECURSION = YES;
				CLANG_WARN_INT_CONVERSION = YES;
				CLANG_WARN_NON_LITERAL_NULL_CONVERSION = YES;
				CLANG_WARN_OBJC_IMPLICIT_RETAIN_SELF = YES;
				CLANG_WARN_OBJC_LITERAL_CONVERSION = YES;
				CLANG_WARN_OBJC_ROOT_CLASS = YES_ERROR;
				CLANG_WARN_QUOTED_INCLUDE_IN_FRAMEWORK_HEADER = YES;
				CLANG_WARN_RANGE_LOOP_ANALYSIS = YES;
				CLANG_WARN_STRICT_PROTOTYPES = YES;
				CLANG_WARN_SUSPICIOUS_MOVE = YES;
				CLANG_WARN_UNGUARDED_AVAILABILITY = YES_AGGRESSIVE;
				CLANG_WARN_UNREACHABLE_CODE = YES;
				CLANG_WARN__DUPLICATE_METHOD_MATCH = YES;
				COPY_PHASE_STRIP = NO;
				DEBUG_INFORMATION_FORMAT = dwarf;
				ENABLE_STRICT_OBJC_MSGSEND = YES;
				ENABLE_TESTABILITY = YES;
				GCC_C_LANGUAGE_STANDARD = gnu11;
				GCC_DYNAMIC_NO_PIC = NO;
				GCC_NO_COMMON_BLOCKS = YES;
				GCC_OPTIMIZATION_LEVEL = 0;
				GCC_PREPROCESSOR_DEFINITIONS = (
					"DEBUG=1",
					"$(inherited)",
				);
				GCC_WARN_64_TO_32_BIT_CONVERSION = YES;
				GCC_WARN_ABOUT_RETURN_TYPE = YES_ERROR;
				GCC_WARN_UNDECLARED_SELECTOR = YES;
				GCC_WARN_UNINITIALIZED_AUTOS = YES_AGGRESSIVE;
				GCC_WARN_UNUSED_FUNCTION = YES;
				GCC_WARN_UNUSED_VARIABLE = YES;
				IPHONEOS_DEPLOYMENT_TARGET = 12.0;
				MTL_ENABLE_DEBUG_INFO = INCLUDE_SOURCE;
				MTL_FAST_MATH = YES;
				ONLY_ACTIVE_ARCH = YES;
				SDKROOT = iphoneos;
			};
			name = Debug;
		};
		3ACA43A324FCA7C8002F75CF /* Release */ = {
			isa = XCBuildConfiguration;
			buildSettings = {
				ALWAYS_SEARCH_USER_PATHS = NO;
				CLANG_ANALYZER_NONNULL = YES;
				CLANG_ANALYZER_NUMBER_OBJECT_CONVERSION = YES_AGGRESSIVE;
				CLANG_CXX_LANGUAGE_STANDARD = "gnu++14";
				CLANG_CXX_LIBRARY = "libc++";
				CLANG_ENABLE_MODULES = YES;
				CLANG_ENABLE_OBJC_ARC = YES;
				CLANG_ENABLE_OBJC_WEAK = YES;
				CLANG_WARN_BLOCK_CAPTURE_AUTORELEASING = YES;
				CLANG_WARN_BOOL_CONVERSION = YES;
				CLANG_WARN_COMMA = YES;
				CLANG_WARN_CONSTANT_CONVERSION = YES;
				CLANG_WARN_DEPRECATED_OBJC_IMPLEMENTATIONS = YES;
				CLANG_WARN_DIRECT_OBJC_ISA_USAGE = YES_ERROR;
				CLANG_WARN_DOCUMENTATION_COMMENTS = YES;
				CLANG_WARN_EMPTY_BODY = YES;
				CLANG_WARN_ENUM_CONVERSION = YES;
				CLANG_WARN_INFINITE_RECURSION = YES;
				CLANG_WARN_INT_CONVERSION = YES;
				CLANG_WARN_NON_LITERAL_NULL_CONVERSION = YES;
				CLANG_WARN_OBJC_IMPLICIT_RETAIN_SELF = YES;
				CLANG_WARN_OBJC_LITERAL_CONVERSION = YES;
				CLANG_WARN_OBJC_ROOT_CLASS = YES_ERROR;
				CLANG_WARN_QUOTED_INCLUDE_IN_FRAMEWORK_HEADER = YES;
				CLANG_WARN_RANGE_LOOP_ANALYSIS = YES;
				CLANG_WARN_STRICT_PROTOTYPES = YES;
				CLANG_WARN_SUSPICIOUS_MOVE = YES;
				CLANG_WARN_UNGUARDED_AVAILABILITY = YES_AGGRESSIVE;
				CLANG_WARN_UNREACHABLE_CODE = YES;
				CLANG_WARN__DUPLICATE_METHOD_MATCH = YES;
				COPY_PHASE_STRIP = NO;
				DEBUG_INFORMATION_FORMAT = "dwarf-with-dsym";
				ENABLE_NS_ASSERTIONS = NO;
				ENABLE_STRICT_OBJC_MSGSEND = YES;
				GCC_C_LANGUAGE_STANDARD = gnu11;
				GCC_NO_COMMON_BLOCKS = YES;
				GCC_WARN_64_TO_32_BIT_CONVERSION = YES;
				GCC_WARN_ABOUT_RETURN_TYPE = YES_ERROR;
				GCC_WARN_UNDECLARED_SELECTOR = YES;
				GCC_WARN_UNINITIALIZED_AUTOS = YES_AGGRESSIVE;
				GCC_WARN_UNUSED_FUNCTION = YES;
				GCC_WARN_UNUSED_VARIABLE = YES;
				IPHONEOS_DEPLOYMENT_TARGET = 12.0;
				MTL_ENABLE_DEBUG_INFO = NO;
				MTL_FAST_MATH = YES;
				SDKROOT = iphoneos;
				VALIDATE_PRODUCT = YES;
			};
			name = Release;
		};
		3ACA43A524FCA7C8002F75CF /* Debug */ = {
			isa = XCBuildConfiguration;
			buildSettings = {
				ASSETCATALOG_COMPILER_APPICON_NAME = AppIcon;
				ASSETCATALOG_COMPILER_GLOBAL_ACCENT_COLOR_NAME = AccentColor;
				CLANG_ENABLE_MODULES = YES;
				CODE_SIGN_ENTITLEMENTS = SDK_Native/SDK_Native.entitlements;
				"CODE_SIGN_IDENTITY[sdk=iphoneos*]" = "iPhone Developer";
				CODE_SIGN_STYLE = Manual;
				DEVELOPMENT_TEAM = "";
				"DEVELOPMENT_TEAM[sdk=iphoneos*]" = 42D597HQZL;
				ENABLE_BITCODE = NO;
				FRAMEWORK_SEARCH_PATHS = (
					"$(inherited)",
					"$(PROJECT_DIR)/YostarSDK/ThirdPath",
					"$(PROJECT_DIR)/YostarSDK/ThirdPath/Analytics",
					"$(PROJECT_DIR)/SDK_Native",
					"$(PROJECT_DIR)/YostarSDK/ThirdPath/AIHELP",
					"$(PROJECT_DIR)/YostarSDK/ThirdPath/Facebook",
				);
				INFOPLIST_FILE = SDK_Native/Info.plist;
				IPHONEOS_DEPLOYMENT_TARGET = 9.0;
				LD_RUNPATH_SEARCH_PATHS = (
					"$(inherited)",
					"@executable_path/Frameworks",
				);
				LIBRARY_SEARCH_PATHS = (
					"$(inherited)",
					"$(PROJECT_DIR)/YostarSDK/ThirdPath/TwitterKit",
					"$(PROJECT_DIR)/YostarSDK/ThirdPath/TwitterCore",
					"$(PROJECT_DIR)/YostarSDK",
				);
				OTHER_LDFLAGS = (
					"$(inherited)",
					"-ObjC",
					"-lc++",
				);
				PRODUCT_BUNDLE_IDENTIFIER = com.YoStarEN.Arknights;
				PRODUCT_NAME = "$(TARGET_NAME)";
				PROVISIONING_PROFILE_SPECIFIER = "";
				"PROVISIONING_PROFILE_SPECIFIER[sdk=iphoneos*]" = Arknights_EN_Dev_Provisioning;
				SWIFT_OBJC_BRIDGING_HEADER = "SDK_Native/SDK_Native-Bridging-Header.h";
				SWIFT_OPTIMIZATION_LEVEL = "-Onone";
				SWIFT_VERSION = 5.0;
				SYSTEM_FRAMEWORK_SEARCH_PATHS = (
					"$(inherited)",
					"$(SDKROOT)$(SYSTEM_LIBRARY_DIR)/PrivateFrameworks",
				);
				TARGETED_DEVICE_FAMILY = "1,2";
			};
			name = Debug;
		};
		3ACA43A624FCA7C8002F75CF /* Release */ = {
			isa = XCBuildConfiguration;
			buildSettings = {
				ASSETCATALOG_COMPILER_APPICON_NAME = AppIcon;
				ASSETCATALOG_COMPILER_GLOBAL_ACCENT_COLOR_NAME = AccentColor;
				CLANG_ENABLE_MODULES = YES;
				CODE_SIGN_ENTITLEMENTS = SDK_Native/SDK_Native.entitlements;
				"CODE_SIGN_IDENTITY[sdk=iphoneos*]" = "iPhone Developer";
				CODE_SIGN_STYLE = Manual;
				DEVELOPMENT_TEAM = "";
				"DEVELOPMENT_TEAM[sdk=iphoneos*]" = 42D597HQZL;
				ENABLE_BITCODE = NO;
				FRAMEWORK_SEARCH_PATHS = (
					"$(inherited)",
					"$(PROJECT_DIR)/YostarSDK/ThirdPath",
					"$(PROJECT_DIR)/YostarSDK/ThirdPath/Analytics",
					"$(PROJECT_DIR)/SDK_Native",
					"$(PROJECT_DIR)/YostarSDK/ThirdPath/AIHELP",
					"$(PROJECT_DIR)/YostarSDK/ThirdPath/Facebook",
				);
				INFOPLIST_FILE = SDK_Native/Info.plist;
				IPHONEOS_DEPLOYMENT_TARGET = 9.0;
				LD_RUNPATH_SEARCH_PATHS = (
					"$(inherited)",
					"@executable_path/Frameworks",
				);
				LIBRARY_SEARCH_PATHS = (
					"$(inherited)",
					"$(PROJECT_DIR)/YostarSDK/ThirdPath/TwitterKit",
					"$(PROJECT_DIR)/YostarSDK/ThirdPath/TwitterCore",
					"$(PROJECT_DIR)/YostarSDK",
				);
				OTHER_LDFLAGS = (
					"$(inherited)",
					"-ObjC",
					"-lc++",
				);
				PRODUCT_BUNDLE_IDENTIFIER = com.YoStarEN.Arknights;
				PRODUCT_NAME = "$(TARGET_NAME)";
				PROVISIONING_PROFILE_SPECIFIER = "";
				"PROVISIONING_PROFILE_SPECIFIER[sdk=iphoneos*]" = Arknights_EN_Dev_Provisioning;
				SWIFT_OBJC_BRIDGING_HEADER = "SDK_Native/SDK_Native-Bridging-Header.h";
				SWIFT_VERSION = 5.0;
				SYSTEM_FRAMEWORK_SEARCH_PATHS = (
					"$(inherited)",
					"$(SDKROOT)$(SYSTEM_LIBRARY_DIR)/PrivateFrameworks",
				);
				TARGETED_DEVICE_FAMILY = "1,2";
			};
			name = Release;
		};
/* End XCBuildConfiguration section */

/* Begin XCConfigurationList section */
		3ACA438624FCA7C7002F75CF /* Build configuration list for PBXProject "SDK_Native" */ = {
			isa = XCConfigurationList;
			buildConfigurations = (
				3ACA43A224FCA7C8002F75CF /* Debug */,
				3ACA43A324FCA7C8002F75CF /* Release */,
			);
			defaultConfigurationIsVisible = 0;
			defaultConfigurationName = Release;
		};
		3ACA43A424FCA7C8002F75CF /* Build configuration list for PBXNativeTarget "SDK_Native" */ = {
			isa = XCConfigurationList;
			buildConfigurations = (
				3ACA43A524FCA7C8002F75CF /* Debug */,
				3ACA43A624FCA7C8002F75CF /* Release */,
			);
			defaultConfigurationIsVisible = 0;
			defaultConfigurationName = Release;
		};
/* End XCConfigurationList section */
	};
	rootObject = 3ACA438324FCA7C7002F75CF /* Project object */;
}
